
Microsoft Visual Studio Solution File, Format Version 12.00
# Visual Studio Version 17
VisualStudioVersion = 17.1.32210.238
MinimumVisualStudioVersion = 10.0.40219.1
Project("{9A19103F-16F7-4668-BE54-9A1E7A4F7556}") = "OnlineShoppingCenterproject.Server", "OnlineShoppingCenterproject\Server\OnlineShoppingCenterproject.Server.csproj", "{F90DFE9C-1A61-4B3D-900F-4ED726B20AC4}"
EndProject
Project("{9A19103F-16F7-4668-BE54-9A1E7A4F7556}") = "OnlineShoppingCenterproject.Client", "OnlineShoppingCenterproject\Client\OnlineShoppingCenterproject.Client.csproj", "{0F050600-B855-4083-B05C-3CA4ED41DABB}"
EndProject
Project("{9A19103F-16F7-4668-BE54-9A1E7A4F7556}") = "OnlineShoppingCenterproject.Shared", "OnlineShoppingCenterproject\Shared\OnlineShoppingCenterproject.Shared.csproj", "{6D761AD6-6C9A-46CC-AD1F-172623FFF00E}"
EndProject
Project("{2150E333-8FDC-42A3-9474-1A3956D46DE8}") = "Infranstracture", "Infranstracture", "{3CE534B9-DEA7-49B3-B8DC-D7257A5AFCDC}"
EndProject
Project("{9A19103F-16F7-4668-BE54-9A1E7A4F7556}") = "OnlineShoppingCenterproject.Data", "OnlineShoppingCenterproject.Data\OnlineShoppingCenterproject.Data.csproj", "{3B7352B1-C89B-42FD-B571-633B20C11E2C}"
EndProject
Project("{9A19103F-16F7-4668-BE54-9A1E7A4F7556}") = "OnlineShoppingCenterproject.Data_DB", "OnlineShoppingCenterproject.Data_DB\OnlineShoppingCenterproject.Data_DB.csproj", "{B6B1F98E-CA83-494D-9D07-CACF45FC96C9}"
EndProject
Project("{9A19103F-16F7-4668-BE54-9A1E7A4F7556}") = "OnlineShoppingCenterproject.Core", "OnlineShoppingCenterproject.Core\OnlineShoppingCenterproject.Core.csproj", "{757C4EE0-8F20-459C-BA57-C37DF639529E}"
EndProject
Global
	GlobalSection(SolutionConfigurationPlatforms) = preSolution
		Debug|Any CPU = Debug|Any CPU
		Release|Any CPU = Release|Any CPU
	EndGlobalSection
	GlobalSection(ProjectConfigurationPlatforms) = postSolution
		{F90DFE9C-1A61-4B3D-900F-4ED726B20AC4}.Debug|Any CPU.ActiveCfg = Debug|Any CPU
		{F90DFE9C-1A61-4B3D-900F-4ED726B20AC4}.Debug|Any CPU.Build.0 = Debug|Any CPU
		{F90DFE9C-1A61-4B3D-900F-4ED726B20AC4}.Release|Any CPU.ActiveCfg = Release|Any CPU
		{F90DFE9C-1A61-4B3D-900F-4ED726B20AC4}.Release|Any CPU.Build.0 = Release|Any CPU
		{0F050600-B855-4083-B05C-3CA4ED41DABB}.Debug|Any CPU.ActiveCfg = Debug|Any CPU
		{0F050600-B855-4083-B05C-3CA4ED41DABB}.Debug|Any CPU.Build.0 = Debug|Any CPU
		{0F050600-B855-4083-B05C-3CA4ED41DABB}.Release|Any CPU.ActiveCfg = Release|Any CPU
		{0F050600-B855-4083-B05C-3CA4ED41DABB}.Release|Any CPU.Build.0 = Release|Any CPU
		{6D761AD6-6C9A-46CC-AD1F-172623FFF00E}.Debug|Any CPU.ActiveCfg = Debug|Any CPU
		{6D761AD6-6C9A-46CC-AD1F-172623FFF00E}.Debug|Any CPU.Build.0 = Debug|Any CPU
		{6D761AD6-6C9A-46CC-AD1F-172623FFF00E}.Release|Any CPU.ActiveCfg = Release|Any CPU
		{6D761AD6-6C9A-46CC-AD1F-172623FFF00E}.Release|Any CPU.Build.0 = Release|Any CPU
		{3B7352B1-C89B-42FD-B571-633B20C11E2C}.Debug|Any CPU.ActiveCfg = Debug|Any CPU
		{3B7352B1-C89B-42FD-B571-633B20C11E2C}.Debug|Any CPU.Build.0 = Debug|Any CPU
		{3B7352B1-C89B-42FD-B571-633B20C11E2C}.Release|Any CPU.ActiveCfg = Release|Any CPU
		{3B7352B1-C89B-42FD-B571-633B20C11E2C}.Release|Any CPU.Build.0 = Release|Any CPU
		{B6B1F98E-CA83-494D-9D07-CACF45FC96C9}.Debug|Any CPU.ActiveCfg = Debug|Any CPU
		{B6B1F98E-CA83-494D-9D07-CACF45FC96C9}.Debug|Any CPU.Build.0 = Debug|Any CPU
		{B6B1F98E-CA83-494D-9D07-CACF45FC96C9}.Release|Any CPU.ActiveCfg = Release|Any CPU
		{B6B1F98E-CA83-494D-9D07-CACF45FC96C9}.Release|Any CPU.Build.0 = Release|Any CPU
		{757C4EE0-8F20-459C-BA57-C37DF639529E}.Debug|Any CPU.ActiveCfg = Debug|Any CPU
		{757C4EE0-8F20-459C-BA57-C37DF639529E}.Debug|Any CPU.Build.0 = Debug|Any CPU
		{757C4EE0-8F20-459C-BA57-C37DF639529E}.Release|Any CPU.ActiveCfg = Release|Any CPU
		{757C4EE0-8F20-459C-BA57-C37DF639529E}.Release|Any CPU.Build.0 = Release|Any CPU
	EndGlobalSection
	GlobalSection(SolutionProperties) = preSolution
		HideSolutionNode = FALSE
	EndGlobalSection
	GlobalSection(NestedProjects) = preSolution
		{3B7352B1-C89B-42FD-B571-633B20C11E2C} = {3CE534B9-DEA7-49B3-B8DC-D7257A5AFCDC}
		{B6B1F98E-CA83-494D-9D07-CACF45FC96C9} = {3CE534B9-DEA7-49B3-B8DC-D7257A5AFCDC}
	EndGlobalSection
	GlobalSection(ExtensibilityGlobals) = postSolution
		SolutionGuid = {A58F8E3E-720A-42AE-BF66-BEE8ED4DF1B1}
	EndGlobalSection
EndGlobal
